// !$*UTF8*$!
{
	archiveVersion = 1;
	classes = {
	};
	objectVersion = 46;
	objects = {

/* Begin PBXBuildFile section */
		8676A7981D4DEDC4007F7283 /* ChatLogController.swift in Sources */ = {isa = PBXBuildFile; fileRef = 8676A7971D4DEDC4007F7283 /* ChatLogController.swift */; };
		86B478DA1D3BAF450078EA4F /* AppDelegate.swift in Sources */ = {isa = PBXBuildFile; fileRef = 86B478D91D3BAF450078EA4F /* AppDelegate.swift */; };
		86B478DC1D3BAF450078EA4F /* ViewController.swift in Sources */ = {isa = PBXBuildFile; fileRef = 86B478DB1D3BAF450078EA4F /* ViewController.swift */; };
		86B478E21D3BAF450078EA4F /* fbMessenger.xcdatamodeld in Sources */ = {isa = PBXBuildFile; fileRef = 86B478E01D3BAF450078EA4F /* fbMessenger.xcdatamodeld */; };
		86B478E41D3BAF450078EA4F /* Assets.xcassets in Resources */ = {isa = PBXBuildFile; fileRef = 86B478E31D3BAF450078EA4F /* Assets.xcassets */; };
		86F3C29D1D3E1F320023D050 /* FriendsController.swift in Sources */ = {isa = PBXBuildFile; fileRef = 86F3C29C1D3E1F320023D050 /* FriendsController.swift */; };
		86F3C2A21D3E23DA0023D050 /* Friend+CoreDataProperties.swift in Sources */ = {isa = PBXBuildFile; fileRef = 86F3C29E1D3E23DA0023D050 /* Friend+CoreDataProperties.swift */; };
		86F3C2A31D3E23DA0023D050 /* Friend.swift in Sources */ = {isa = PBXBuildFile; fileRef = 86F3C29F1D3E23DA0023D050 /* Friend.swift */; };
		86F3C2A41D3E23DA0023D050 /* Message+CoreDataProperties.swift in Sources */ = {isa = PBXBuildFile; fileRef = 86F3C2A01D3E23DA0023D050 /* Message+CoreDataProperties.swift */; };
		86F3C2A51D3E23DA0023D050 /* Message.swift in Sources */ = {isa = PBXBuildFile; fileRef = 86F3C2A11D3E23DA0023D050 /* Message.swift */; };
/* End PBXBuildFile section */

/* Begin PBXFileReference section */
		8676A7971D4DEDC4007F7283 /* ChatLogController.swift */ = {isa = PBXFileReference; fileEncoding = 4; lastKnownFileType = sourcecode.swift; path = ChatLogController.swift; sourceTree = "<group>"; };
		86B478D61D3BAF450078EA4F /* fbMessenger.app */ = {isa = PBXFileReference; explicitFileType = wrapper.application; includeInIndex = 0; path = fbMessenger.app; sourceTree = BUILT_PRODUCTS_DIR; };
		86B478D91D3BAF450078EA4F /* AppDelegate.swift */ = {isa = PBXFileReference; lastKnownFileType = sourcecode.swift; path = AppDelegate.swift; sourceTree = "<group>"; };
		86B478DB1D3BAF450078EA4F /* ViewController.swift */ = {isa = PBXFileReference; lastKnownFileType = sourcecode.swift; path = ViewController.swift; sourceTree = "<group>"; };
		86B478E11D3BAF450078EA4F /* fbMessenger.xcdatamodel */ = {isa = PBXFileReference; lastKnownFileType = wrapper.xcdatamodel; path = fbMessenger.xcdatamodel; sourceTree = "<group>"; };
		86B478E31D3BAF450078EA4F /* Assets.xcassets */ = {isa = PBXFileReference; lastKnownFileType = folder.assetcatalog; path = Assets.xcassets; sourceTree = "<group>"; };
		86B478E81D3BAF450078EA4F /* Info.plist */ = {isa = PBXFileReference; lastKnownFileType = text.plist.xml; path = Info.plist; sourceTree = "<group>"; };
		86F3C29C1D3E1F320023D050 /* FriendsController.swift */ = {isa = PBXFileReference; fileEncoding = 4; lastKnownFileType = sourcecode.swift; path = FriendsController.swift; sourceTree = "<group>"; };
		86F3C29E1D3E23DA0023D050 /* Friend+CoreDataProperties.swift */ = {isa = PBXFileReference; fileEncoding = 4; lastKnownFileType = sourcecode.swift; path = "Friend+CoreDataProperties.swift"; sourceTree = "<group>"; };
		86F3C29F1D3E23DA0023D050 /* Friend.swift */ = {isa = PBXFileReference; fileEncoding = 4; lastKnownFileType = sourcecode.swift; path = Friend.swift; sourceTree = "<group>"; };
		86F3C2A01D3E23DA0023D050 /* Message+CoreDataProperties.swift */ = {isa = PBXFileReference; fileEncoding = 4; lastKnownFileType = sourcecode.swift; path = "Message+CoreDataProperties.swift"; sourceTree = "<group>"; };
		86F3C2A11D3E23DA0023D050 /* Message.swift */ = {isa = PBXFileReference; fileEncoding = 4; lastKnownFileType = sourcecode.swift; path = Message.swift; sourceTree = "<group>"; };
/* End PBXFileReference section */

/* Begin PBXFrameworksBuildPhase section */
		86B478D31D3BAF450078EA4F /* Frameworks */ = {
			isa = PBXFrameworksBuildPhase;
			buildActionMask = 2147483647;
			files = (
			);
			runOnlyForDeploymentPostprocessing = 0;
		};
/* End PBXFrameworksBuildPhase section */

/* Begin PBXGroup section */
		86B478CD1D3BAF450078EA4F = {
			isa = PBXGroup;
			children = (
				86B478D81D3BAF450078EA4F /* fbMessenger */,
				86B478D71D3BAF450078EA4F /* Products */,
			);
			sourceTree = "<group>";
		};
		86B478D71D3BAF450078EA4F /* Products */ = {
			isa = PBXGroup;
			children = (
				86B478D61D3BAF450078EA4F /* fbMessenger.app */,
			);
			name = Products;
			sourceTree = "<group>";
		};
		86B478D81D3BAF450078EA4F /* fbMessenger */ = {
			isa = PBXGroup;
			children = (
				86F3C2A61D3E26AA0023D050 /* supporting file */,
				86B478D91D3BAF450078EA4F /* AppDelegate.swift */,
				86B478DB1D3BAF450078EA4F /* ViewController.swift */,
				86F3C29C1D3E1F320023D050 /* FriendsController.swift */,
				8676A7971D4DEDC4007F7283 /* ChatLogController.swift */,
				86F3C2A71D3E26EA0023D050 /* coreData */,
				86B478E31D3BAF450078EA4F /* Assets.xcassets */,
			);
			path = fbMessenger;
			sourceTree = "<group>";
		};
		86F3C2A61D3E26AA0023D050 /* supporting file */ = {
			isa = PBXGroup;
			children = (
				86B478E81D3BAF450078EA4F /* Info.plist */,
			);
			name = "supporting file";
			sourceTree = "<group>";
		};
		86F3C2A71D3E26EA0023D050 /* coreData */ = {
			isa = PBXGroup;
			children = (
				86B478E01D3BAF450078EA4F /* fbMessenger.xcdatamodeld */,
				86F3C29E1D3E23DA0023D050 /* Friend+CoreDataProperties.swift */,
				86F3C29F1D3E23DA0023D050 /* Friend.swift */,
				86F3C2A01D3E23DA0023D050 /* Message+CoreDataProperties.swift */,
				86F3C2A11D3E23DA0023D050 /* Message.swift */,
			);
			name = coreData;
			sourceTree = "<group>";
		};
/* End PBXGroup section */

/* Begin PBXNativeTarget section */
		86B478D51D3BAF450078EA4F /* fbMessenger */ = {
			isa = PBXNativeTarget;
			buildConfigurationList = 86B478EB1D3BAF450078EA4F /* Build configuration list for PBXNativeTarget "fbMessenger" */;
			buildPhases = (
				86B478D21D3BAF450078EA4F /* Sources */,
				86B478D31D3BAF450078EA4F /* Frameworks */,
				86B478D41D3BAF450078EA4F /* Resources */,
			);
			buildRules = (
			);
			dependencies = (
			);
			name = fbMessenger;
			productName = fbMessenger;
			productReference = 86B478D61D3BAF450078EA4F /* fbMessenger.app */;
			productType = "com.apple.product-type.application";
		};
/* End PBXNativeTarget section */

/* Begin PBXProject section */
		86B478CE1D3BAF450078EA4F /* Project object */ = {
			isa = PBXProject;
			attributes = {
				LastSwiftUpdateCheck = 0730;
				LastUpgradeCheck = 0730;
				ORGANIZATIONNAME = "Chiang Chuan";
				TargetAttributes = {
					86B478D51D3BAF450078EA4F = {
						CreatedOnToolsVersion = 7.3.1;
					};
				};
			};
			buildConfigurationList = 86B478D11D3BAF450078EA4F /* Build configuration list for PBXProject "fbMessenger" */;
			compatibilityVersion = "Xcode 3.2";
			developmentRegion = English;
			hasScannedForEncodings = 0;
			knownRegions = (
				en,
				Base,
			);
			mainGroup = 86B478CD1D3BAF450078EA4F;
			productRefGroup = 86B478D71D3BAF450078EA4F /* Products */;
			projectDirPath = "";
			projectRoot = "";
			targets = (
				86B478D51D3BAF450078EA4F /* fbMessenger */,
			);
		};
/* End PBXProject section */

/* Begin PBXResourcesBuildPhase section */
		86B478D41D3BAF450078EA4F /* Resources */ = {
			isa = PBXResourcesBuildPhase;
			buildActionMask = 2147483647;
			files = (
				86B478E41D3BAF450078EA4F /* Assets.xcassets in Resources */,
			);
			runOnlyForDeploymentPostprocessing = 0;
		};
/* End PBXResourcesBuildPhase section */

/* Begin PBXSourcesBuildPhase section */
		86B478D21D3BAF450078EA4F /* Sources */ = {
			isa = PBXSourcesBuildPhase;
			buildActionMask = 2147483647;
			files = (
				8676A7981D4DEDC4007F7283 /* ChatLogController.swift in Sources */,
				86B478DC1D3BAF450078EA4F /* ViewController.swift in Sources */,
				86B478E21D3BAF450078EA4F /* fbMessenger.xcdatamodeld in Sources */,
				86F3C2A21D3E23DA0023D050 /* Friend+CoreDataProperties.swift in Sources */,
				86F3C2A31D3E23DA0023D050 /* Friend.swift in Sources */,
				86F3C2A41D3E23DA0023D050 /* Message+CoreDataProperties.swift in Sources */,
				86F3C2A51D3E23DA0023D050 /* Message.swift in Sources */,
				86B478DA1D3BAF450078EA4F /* AppDelegate.swift in Sources */,
				86F3C29D1D3E1F320023D050 /* FriendsController.swift in Sources */,
			);
			runOnlyForDeploymentPostprocessing = 0;
		};
/* End PBXSourcesBuildPhase section */

/* Begin XCBuildConfiguration section */
		86B478E91D3BAF450078EA4F /* Debug */ = {
			isa = XCBuildConfiguration;
			buildSettings = {
				ALWAYS_SEARCH_USER_PATHS = NO;
				CLANG_ANALYZER_NONNULL = YES;
				CLANG_CXX_LANGUAGE_STANDARD = "gnu++0x";
				CLANG_CXX_LIBRARY = "libc++";
				CLANG_ENABLE_MODULES = YES;
				CLANG_ENABLE_OBJC_ARC = YES;
				CLANG_WARN_BOOL_CONVERSION = YES;
				CLANG_WARN_CONSTANT_CONVERSION = YES;
				CLANG_WARN_DIRECT_OBJC_ISA_USAGE = YES_ERROR;
				CLANG_WARN_EMPTY_BODY = YES;
				CLANG_WARN_ENUM_CONVERSION = YES;
				CLANG_WARN_INT_CONVERSION = YES;
				CLANG_WARN_OBJC_ROOT_CLASS = YES_ERROR;
				CLANG_WARN_UNREACHABLE_CODE = YES;
				CLANG_WARN__DUPLICATE_METHOD_MATCH = YES;
				"CODE_SIGN_IDENTITY[sdk=iphoneos*]" = "iPhone Developer";
				COPY_PHASE_STRIP = NO;
				DEBUG_INFORMATION_FORMAT = dwarf;
				ENABLE_STRICT_OBJC_MSGSEND = YES;
				ENABLE_TESTABILITY = YES;
				GCC_C_LANGUAGE_STANDARD = gnu99;
				GCC_DYNAMIC_NO_PIC = NO;
				GCC_NO_COMMON_BLOCKS = YES;
				GCC_OPTIMIZATION_LEVEL = 0;
				GCC_PREPROCESSOR_DEFINITIONS = (
					"DEBUG=1",
					"$(inherited)",
				);
				GCC_WARN_64_TO_32_BIT_CONVERSION = YES;
				GCC_WARN_ABOUT_RETURN_TYPE = YES_ERROR;
				GCC_WARN_UNDECLARED_SELECTOR = YES;
				GCC_WARN_UNINITIALIZED_AUTOS = YES_AGGRESSIVE;
				GCC_WARN_UNUSED_FUNCTION = YES;
				GCC_WARN_UNUSED_VARIABLE = YES;
				IPHONEOS_DEPLOYMENT_TARGET = 9.3;
				MTL_ENABLE_DEBUG_INFO = YES;
				ONLY_ACTIVE_ARCH = YES;
				SDKROOT = iphoneos;
				SWIFT_OPTIMIZATION_LEVEL = "-Onone";
				TARGETED_DEVICE_FAMILY = "1,2";
			};
			name = Debug;
		};
		86B478EA1D3BAF450078EA4F /* Release */ = {
			isa = XCBuildConfiguration;
			buildSettings = {
				ALWAYS_SEARCH_USER_PATHS = NO;
				CLANG_ANALYZER_NONNULL = YES;
				CLANG_CXX_LANGUAGE_STANDARD = "gnu++0x";
				CLANG_CXX_LIBRARY = "libc++";
				CLANG_ENABLE_MODULES = YES;
				CLANG_ENABLE_OBJC_ARC = YES;
				CLANG_WARN_BOOL_CONVERSION = YES;
				CLANG_WARN_CONSTANT_CONVERSION = YES;
				CLANG_WARN_DIRECT_OBJC_ISA_USAGE = YES_ERROR;
				CLANG_WARN_EMPTY_BODY = YES;
				CLANG_WARN_ENUM_CONVERSION = YES;
				CLANG_WARN_INT_CONVERSION = YES;
				CLANG_WARN_OBJC_ROOT_CLASS = YES_ERROR;
				CLANG_WARN_UNREACHABLE_CODE = YES;
				CLANG_WARN__DUPLICATE_METHOD_MATCH = YES;
				"CODE_SIGN_IDENTITY[sdk=iphoneos*]" = "iPhone Developer";
				COPY_PHASE_STRIP = NO;
				DEBUG_INFORMATION_FORMAT = "dwarf-with-dsym";
				ENABLE_NS_ASSERTIONS = NO;
				ENABLE_STRICT_OBJC_MSGSEND = YES;
				GCC_C_LANGUAGE_STANDARD = gnu99;
				GCC_NO_COMMON_BLOCKS = YES;
				GCC_WARN_64_TO_32_BIT_CONVERSION = YES;
				GCC_WARN_ABOUT_RETURN_TYPE = YES_ERROR;
				GCC_WARN_UNDECLARED_SELECTOR = YES;
				GCC_WARN_UNINITIALIZED_AUTOS = YES_AGGRESSIVE;
				GCC_WARN_UNUSED_FUNCTION = YES;
				GCC_WARN_UNUSED_VARIABLE = YES;
				IPHONEOS_DEPLOYMENT_TARGET = 9.3;
				MTL_ENABLE_DEBUG_INFO = NO;
				SDKROOT = iphoneos;
				TARGETED_DEVICE_FAMILY = "1,2";
				VALIDATE_PRODUCT = YES;
			};
			name = Release;
		};
		86B478EC1D3BAF450078EA4F /* Debug */ = {
			isa = XCBuildConfiguration;
			buildSettings = {
				ASSETCATALOG_COMPILER_APPICON_NAME = AppIcon;
				INFOPLIST_FILE = fbMessenger/Info.plist;
				LD_RUNPATH_SEARCH_PATHS = "$(inherited) @executable_path/Frameworks";
				PRODUCT_BUNDLE_IDENTIFIER = chuanchung.fbMessenger;
				PRODUCT_NAME = "$(TARGET_NAME)";
			};
			name = Debug;
		};
		86B478ED1D3BAF450078EA4F /* Release */ = {
			isa = XCBuildConfiguration;
			buildSettings = {
				ASSETCATALOG_COMPILER_APPICON_NAME = AppIcon;
				INFOPLIST_FILE = fbMessenger/Info.plist;
				LD_RUNPATH_SEARCH_PATHS = "$(inherited) @executable_path/Frameworks";
				PRODUCT_BUNDLE_IDENTIFIER = chuanchung.fbMessenger;
				PRODUCT_NAME = "$(TARGET_NAME)";
			};
			name = Release;
		};
/* End XCBuildConfiguration section */

/* Begin XCConfigurationList section */
		86B478D11D3BAF450078EA4F /* Build configuration list for PBXProject "fbMessenger" */ = {
			isa = XCConfigurationList;
			buildConfigurations = (
				86B478E91D3BAF450078EA4F /* Debug */,
				86B478EA1D3BAF450078EA4F /* Release */,
			);
			defaultConfigurationIsVisible = 0;
			defaultConfigurationName = Release;
		};
		86B478EB1D3BAF450078EA4F /* Build configuration list for PBXNativeTarget "fbMessenger" */ = {
			isa = XCConfigurationList;
			buildConfigurations = (
				86B478EC1D3BAF450078EA4F /* Debug */,
				86B478ED1D3BAF450078EA4F /* Release */,
			);
			defaultConfigurationIsVisible = 0;
			defaultConfigurationName = Release;
		};
/* End XCConfigurationList section */

/* Begin XCVersionGroup section */
		86B478E01D3BAF450078EA4F /* fbMessenger.xcdatamodeld */ = {
			isa = XCVersionGroup;
			children = (
				86B478E11D3BAF450078EA4F /* fbMessenger.xcdatamodel */,
			);
			currentVersion = 86B478E11D3BAF450078EA4F /* fbMessenger.xcdatamodel */;
			path = fbMessenger.xcdatamodeld;
			sourceTree = "<group>";
			versionGroupType = wrapper.xcdatamodel;
		};
/* End XCVersionGroup section */
	};
	rootObject = 86B478CE1D3BAF450078EA4F /* Project object */;
}
